
Microsoft Visual Studio Solution File, Format Version 12.00
# Visual Studio 2012
Project("{E24C65DC-7377-472B-9ABA-BC803B73C61A}") = "Trifect-CMS", "http://localhost:15821", "{556C986D-B2C8-47DB-97E5-5C504A8F6272}"
	ProjectSection(WebsiteProperties) = preProject
		UseIISExpress = "true"
		TargetFrameworkMoniker = ".NETFramework,Version%3Dv4.0"
		Debug.AspNetCompiler.VirtualPath = "/localhost_15821"
		Debug.AspNetCompiler.PhysicalPath = "..\Trifect-CMS\"
		Debug.AspNetCompiler.TargetPath = "PrecompiledWeb\localhost_15821\"
		Debug.AspNetCompiler.Updateable = "true"
		Debug.AspNetCompiler.ForceOverwrite = "true"
		Debug.AspNetCompiler.FixedNames = "false"
		Debug.AspNetCompiler.Debug = "True"
		Release.AspNetCompiler.VirtualPath = "/localhost_15821"
		Release.AspNetCompiler.PhysicalPath = "..\Trifect-CMS\"
		Release.AspNetCompiler.TargetPath = "PrecompiledWeb\localhost_15821\"
		Release.AspNetCompiler.Updateable = "true"
		Release.AspNetCompiler.ForceOverwrite = "true"
		Release.AspNetCompiler.FixedNames = "false"
		Release.AspNetCompiler.Debug = "False"
		SlnRelativePath = "..\Trifect-CMS\"
	EndProjectSection
EndProject
Global
	GlobalSection(SolutionConfigurationPlatforms) = preSolution
		Debug|Any CPU = Debug|Any CPU
	EndGlobalSection
	GlobalSection(ProjectConfigurationPlatforms) = postSolution
		{556C986D-B2C8-47DB-97E5-5C504A8F6272}.Debug|Any CPU.ActiveCfg = Debug|Any CPU
		{556C986D-B2C8-47DB-97E5-5C504A8F6272}.Debug|Any CPU.Build.0 = Debug|Any CPU
	EndGlobalSection
	GlobalSection(SolutionProperties) = preSolution
		HideSolutionNode = FALSE
	EndGlobalSection
EndGlobal
